
Microsoft Visual Studio Solution File, Format Version 12.00
# Visual Studio 15
VisualStudioVersion = 15.0.28307.271
MinimumVisualStudioVersion = 10.0.40219.1
Project("{FAE04EC0-301F-11D3-BF4B-00C04F79EFBC}") = "CursWorkBCTGraphicUserInterface", "CursWorkBCTGraphicUserInterface\CursWorkBCTGraphicUserInterface.csproj", "{478A4704-0AC0-475F-BFD3-75BA8278F8BC}"
EndProject
Global
	GlobalSection(SolutionConfigurationPlatforms) = preSolution
		Debug|Any CPU = Debug|Any CPU
		Release|Any CPU = Release|Any CPU
	EndGlobalSection
	GlobalSection(ProjectConfigurationPlatforms) = postSolution
		{478A4704-0AC0-475F-BFD3-75BA8278F8BC}.Debug|Any CPU.ActiveCfg = Debug|Any CPU
		{478A4704-0AC0-475F-BFD3-75BA8278F8BC}.Debug|Any CPU.Build.0 = Debug|Any CPU
		{478A4704-0AC0-475F-BFD3-75BA8278F8BC}.Release|Any CPU.ActiveCfg = Release|Any CPU
		{478A4704-0AC0-475F-BFD3-75BA8278F8BC}.Release|Any CPU.Build.0 = Release|Any CPU
	EndGlobalSection
	GlobalSection(SolutionProperties) = preSolution
		HideSolutionNode = FALSE
	EndGlobalSection
	GlobalSection(ExtensibilityGlobals) = postSolution
		SolutionGuid = {39821E77-8D31-4C4A-8821-7109FDB86552}
	EndGlobalSection
EndGlobal
